{
  "name": "rapidnote-frontend",
  "lockfileVersion": 2,
  "requires": true,
  "packages": {
    "": {
      "name": "rapidnote-frontend",
      "version": "1.0.0",
      "dependencies": {
        "axios": "^1.6.7",
        "react": "^18.2.0",
        "react-dom": "^18.2.0",
        "react-scripts": "5.0.1"
      }
    }
  },
  "dependencies": {
    "axios": {
      "version": "1.6.7",
      "resolved": "https://registry.npmjs.org/axios/-/axios-1.6.7.tgz",
      "integrity": "sha512-NuSFM5qLzDJIVmf+ZtKPZ/7+5I5hrJsn/YU4N1u+l8Y9DUt3ypzCg2T7GwPxvo5Q9hQMA5UdZ6j05SivRx6tQA=="
    },
    "react": {
      "version": "18.2.0",
      "resolved": "https://registry.npmjs.org/react/-/react-18.2.0.tgz",
      "integrity": "sha512-3sKZ5wUR+zvMEO96rLzsf1OvOCDPBVq2ZsU4fTIjVDEc/0UqCkIxE4Qz0dCfVLpUyQWo7N1EMhq0U1H7ZHMoXA=="
    },
    "react-dom": {
      "version": "18.2.0",
      "resolved": "https://registry.npmjs.org/react-dom/-/react-dom-18.2.0.tgz",
      "integrity": "sha512-iv7H+eT5DxvN6SGOYWb29s44BJ5zL7U6qozlPfVY4XnqGrfxD0ZqgFjYBi5FVLp2oEOA5mF9PZ62VgD4ZzM1qQ=="
    },
    "react-scripts": {
      "version": "5.0.1",
      "resolved": "https://registry.npmjs.org/react-scripts/-/react-scripts-5.0.1.tgz",
      "integrity": "sha512-3U8zDNB+Tk6VDcF7BBvN5m1LbqM69YoOmVZaykbvADIkfb8mnMBZbSgYcp5Qv0F6y2rOiDJk+6xx1LRz2U8jYw=="
    }
  }
}
